{
  "originHash" : "57fa365841354d43caa5b5dafa7be58f142c6f042c53965bc471f0776b4d7c76",
  "pins" : [
    {
      "identity" : "swiftymarkdown",
      "kind" : "remoteSourceControl",
      "location" : "https://github.com/gentlemencoders/SwiftyMarkdown.git",
      "state" : {
        "branch" : "master",
        "revision" : "c99d4ade21a6a00c8f663d38735e4f0fe8efc02c"
      }
    }
  ],
  "version" : 3
}
